
Microsoft Visual Studio Solution File, Format Version 12.00
# Visual Studio 15
VisualStudioVersion = 15.0.27703.2047
MinimumVisualStudioVersion = 10.0.40219.1
Project("{FAE04EC0-301F-11D3-BF4B-00C04F79EFBC}") = "teste1", "teste1\teste1.csproj", "{021A32DE-FDDB-4217-9CD0-74037A40FB0A}"
EndProject
Global
	GlobalSection(SolutionConfigurationPlatforms) = preSolution
		Debug|Any CPU = Debug|Any CPU
		Release|Any CPU = Release|Any CPU
	EndGlobalSection
	GlobalSection(ProjectConfigurationPlatforms) = postSolution
		{021A32DE-FDDB-4217-9CD0-74037A40FB0A}.Debug|Any CPU.ActiveCfg = Debug|Any CPU
		{021A32DE-FDDB-4217-9CD0-74037A40FB0A}.Debug|Any CPU.Build.0 = Debug|Any CPU
		{021A32DE-FDDB-4217-9CD0-74037A40FB0A}.Release|Any CPU.ActiveCfg = Release|Any CPU
		{021A32DE-FDDB-4217-9CD0-74037A40FB0A}.Release|Any CPU.Build.0 = Release|Any CPU
	EndGlobalSection
	GlobalSection(SolutionProperties) = preSolution
		HideSolutionNode = FALSE
	EndGlobalSection
	GlobalSection(ExtensibilityGlobals) = postSolution
		SolutionGuid = {0DDA701C-4FBC-4A0F-B749-925F5B2DA62D}
	EndGlobalSection
EndGlobal
